Microsoft Visual Studio Solution File, Format Version 11.00
# Visual Studio 2008

Project("{37443613-4A72-FA72-2A54-5AE7B29100F3}") = "DramaEngine2D", "Assembly-CSharp.csproj", "{94352491-9955-6406-DB43-4AE5D97E4BC6}"
EndProject
Global
	GlobalSection(SolutionConfigurationPlatforms) = preSolution
		Debug|Any CPU = Debug|Any CPU
		Release|Any CPU = Release|Any CPU
	EndGlobalSection
	GlobalSection(ProjectConfigurationPlatforms) = postSolution
		{94352491-9955-6406-DB43-4AE5D97E4BC6}.Debug|Any CPU.ActiveCfg = Debug|Any CPU
		{94352491-9955-6406-DB43-4AE5D97E4BC6}.Debug|Any CPU.Build.0 = Debug|Any CPU
		{94352491-9955-6406-DB43-4AE5D97E4BC6}.Release|Any CPU.ActiveCfg = Release|Any CPU
		{94352491-9955-6406-DB43-4AE5D97E4BC6}.Release|Any CPU.Build.0 = Release|Any CPU
	EndGlobalSection
	GlobalSection(SolutionProperties) = preSolution
		HideSolutionNode = FALSE
	EndGlobalSection
	GlobalSection(MonoDevelopProperties) = preSolution
		StartupItem = Assembly-CSharp.csproj
	EndGlobalSection
EndGlobal
